<?xml version="1.0"?>
<Project ToolsVersion="4.0" xmlns="http://schemas.microsoft.com/developer/msbuild/2003">
	<ItemGroup>
		<ClCompile Include="src\ofApp.cpp">
			<Filter>src</Filter>
		</ClCompile>
		<ClCompile Include="src\main.cpp">
			<Filter>src</Filter>
		</ClCompile>
		<ClCompile Include="src\BackGroundImage.cpp">
			<Filter>src</Filter>
		</ClCompile>
		<ClCompile Include="src\GameObject.cpp">
			<Filter>src</Filter>
		</ClCompile>
		<ClCompile Include="src\GameScene.cpp">
			<Filter>src</Filter>
		</ClCompile>
		<ClCompile Include="src\main.cpp">
			<Filter>src</Filter>
		</ClCompile>
		<ClCompile Include="src\ofApp.cpp">
			<Filter>src</Filter>
		</ClCompile>
		<ClCompile Include="src\Scene.cpp">
			<Filter>src</Filter>
		</ClCompile>
		<ClCompile Include="src\SettingParameter.cpp">
			<Filter>src</Filter>
		</ClCompile>
		<ClCompile Include="..\..\..\addons\ofxJoystick\src\ofxJoystick.cpp">
			<Filter>addons\ofxJoystick\src</Filter>
		</ClCompile>
	</ItemGroup>
	<ItemGroup>
		<Filter Include="src">
			<UniqueIdentifier>{d8376475-7454-4a24-b08a-aac121d3ad6f}</UniqueIdentifier>
		</Filter>
		<Filter Include="addons">
			<UniqueIdentifier>{71834F65-F3A9-211E-73B8-DC85}</UniqueIdentifier>
		</Filter>
		<Filter Include="addons\ofxJoystick">
			<UniqueIdentifier>{CB10C8B6-4FF4-F0AA-05C1-D964}</UniqueIdentifier>
		</Filter>
		<Filter Include="addons\ofxJoystick\src">
			<UniqueIdentifier>{8B1D8D22-1B3C-A19E-36F8-46ED}</UniqueIdentifier>
		</Filter>
	</ItemGroup>
	<ItemGroup>
		<ClInclude Include="src\ofApp.h">
			<Filter>src</Filter>
		</ClInclude>
		<ClInclude Include="src\BackGroundImage.h">
			<Filter>src</Filter>
		</ClInclude>
		<ClInclude Include="src\GameObject.h">
			<Filter>src</Filter>
		</ClInclude>
		<ClInclude Include="src\GameScene.h">
			<Filter>src</Filter>
		</ClInclude>
		<ClInclude Include="src\ofApp.h">
			<Filter>src</Filter>
		</ClInclude>
		<ClInclude Include="src\Scene.h">
			<Filter>src</Filter>
		</ClInclude>
		<ClInclude Include="src\SettingParameter.h">
			<Filter>src</Filter>
		</ClInclude>
		<ClInclude Include="..\..\..\addons\ofxJoystick\src\ofxJoystick.h">
			<Filter>addons\ofxJoystick\src</Filter>
		</ClInclude>
	</ItemGroup>
	<ItemGroup>
		<ResourceCompile Include="icon.rc" />
	</ItemGroup>
</Project>
